// !$*UTF8*$!
{
	archiveVersion = 1;
	classes = {
	};
	objectVersion = 77;
	objects = {

/* Begin PBXContainerItemProxy section */
		06B4AFCF2CA6C2B000802946 /* PBXContainerItemProxy */ = {
			isa = PBXContainerItemProxy;
			containerPortal = 06B4AFB02CA6C2AC00802946 /* Project object */;
			proxyType = 1;
			remoteGlobalIDString = 06B4AFB72CA6C2AC00802946;
			remoteInfo = GecisCalismasiYeni;
		};
		06B4AFD92CA6C2B000802946 /* PBXContainerItemProxy */ = {
			isa = PBXContainerItemProxy;
			containerPortal = 06B4AFB02CA6C2AC00802946 /* Project object */;
			proxyType = 1;
			remoteGlobalIDString = 06B4AFB72CA6C2AC00802946;
			remoteInfo = GecisCalismasiYeni;
		};
/* End PBXContainerItemProxy section */

/* Begin PBXFileReference section */
		06B4AFB82CA6C2AC00802946 /* GecisCalismasiYeni.app */ = {isa = PBXFileReference; explicitFileType = wrapper.application; includeInIndex = 0; path = GecisCalismasiYeni.app; sourceTree = BUILT_PRODUCTS_DIR; };
		06B4AFCE2CA6C2B000802946 /* GecisCalismasiYeniTests.xctest */ = {isa = PBXFileReference; explicitFileType = wrapper.cfbundle; includeInIndex = 0; path = GecisCalismasiYeniTests.xctest; sourceTree = BUILT_PRODUCTS_DIR; };
		06B4AFD82CA6C2B000802946 /* GecisCalismasiYeniUITests.xctest */ = {isa = PBXFileReference; explicitFileType = wrapper.cfbundle; includeInIndex = 0; path = GecisCalismasiYeniUITests.xctest; sourceTree = BUILT_PRODUCTS_DIR; };
/* End PBXFileReference section */

/* Begin PBXFileSystemSynchronizedBuildFileExceptionSet section */
		06B4AFE02CA6C2B000802946 /* Exceptions for "GecisCalismasiYeni" folder in "GecisCalismasiYeni" target */ = {
			isa = PBXFileSystemSynchronizedBuildFileExceptionSet;
			membershipExceptions = (
				Info.plist,
			);
			target = 06B4AFB72CA6C2AC00802946 /* GecisCalismasiYeni */;
		};
/* End PBXFileSystemSynchronizedBuildFileExceptionSet section */

/* Begin PBXFileSystemSynchronizedRootGroup section */
		06B4AFBA2CA6C2AC00802946 /* GecisCalismasiYeni */ = {
			isa = PBXFileSystemSynchronizedRootGroup;
			exceptions = (
				06B4AFE02CA6C2B000802946 /* Exceptions for "GecisCalismasiYeni" folder in "GecisCalismasiYeni" target */,
			);
			path = GecisCalismasiYeni;
			sourceTree = "<group>";
		};
		06B4AFD12CA6C2B000802946 /* GecisCalismasiYeniTests */ = {
			isa = PBXFileSystemSynchronizedRootGroup;
			path = GecisCalismasiYeniTests;
			sourceTree = "<group>";
		};
		06B4AFDB2CA6C2B000802946 /* GecisCalismasiYeniUITests */ = {
			isa = PBXFileSystemSynchronizedRootGroup;
			path = GecisCalismasiYeniUITests;
			sourceTree = "<group>";
		};
/* End PBXFileSystemSynchronizedRootGroup section */

/* Begin PBXFrameworksBuildPhase section */
		06B4AFB52CA6C2AC00802946 /* Frameworks */ = {
			isa = PBXFrameworksBuildPhase;
			buildActionMask = 2147483647;
			files = (
			);
			runOnlyForDeploymentPostprocessing = 0;
		};
		06B4AFCB2CA6C2B000802946 /* Frameworks */ = {
			isa = PBXFrameworksBuildPhase;
			buildActionMask = 2147483647;
			files = (
			);
			runOnlyForDeploymentPostprocessing = 0;
		};
		06B4AFD52CA6C2B000802946 /* Frameworks */ = {
			isa = PBXFrameworksBuildPhase;
			buildActionMask = 2147483647;
			files = (
			);
			runOnlyForDeploymentPostprocessing = 0;
		};
/* End PBXFrameworksBuildPhase section */

/* Begin PBXGroup section */
		06B4AFAF2CA6C2AC00802946 = {
			isa = PBXGroup;
			children = (
				06B4AFBA2CA6C2AC00802946 /* GecisCalismasiYeni */,
				06B4AFD12CA6C2B000802946 /* GecisCalismasiYeniTests */,
				06B4AFDB2CA6C2B000802946 /* GecisCalismasiYeniUITests */,
				06B4AFB92CA6C2AC00802946 /* Products */,
			);
			sourceTree = "<group>";
		};
		06B4AFB92CA6C2AC00802946 /* Products */ = {
			isa = PBXGroup;
			children = (
				06B4AFB82CA6C2AC00802946 /* GecisCalismasiYeni.app */,
				06B4AFCE2CA6C2B000802946 /* GecisCalismasiYeniTests.xctest */,
				06B4AFD82CA6C2B000802946 /* GecisCalismasiYeniUITests.xctest */,
			);
			name = Products;
			sourceTree = "<group>";
		};
/* End PBXGroup section */

/* Begin PBXNativeTarget section */
		06B4AFB72CA6C2AC00802946 /* GecisCalismasiYeni */ = {
			isa = PBXNativeTarget;
			buildConfigurationList = 06B4AFE12CA6C2B000802946 /* Build configuration list for PBXNativeTarget "GecisCalismasiYeni" */;
			buildPhases = (
				06B4AFB42CA6C2AC00802946 /* Sources */,
				06B4AFB52CA6C2AC00802946 /* Frameworks */,
				06B4AFB62CA6C2AC00802946 /* Resources */,
			);
			buildRules = (
			);
			dependencies = (
			);
			fileSystemSynchronizedGroups = (
				06B4AFBA2CA6C2AC00802946 /* GecisCalismasiYeni */,
			);
			name = GecisCalismasiYeni;
			packageProductDependencies = (
			);
			productName = GecisCalismasiYeni;
			productReference = 06B4AFB82CA6C2AC00802946 /* GecisCalismasiYeni.app */;
			productType = "com.apple.product-type.application";
		};
		06B4AFCD2CA6C2B000802946 /* GecisCalismasiYeniTests */ = {
			isa = PBXNativeTarget;
			buildConfigurationList = 06B4AFE62CA6C2B000802946 /* Build configuration list for PBXNativeTarget "GecisCalismasiYeniTests" */;
			buildPhases = (
				06B4AFCA2CA6C2B000802946 /* Sources */,
				06B4AFCB2CA6C2B000802946 /* Frameworks */,
				06B4AFCC2CA6C2B000802946 /* Resources */,
			);
			buildRules = (
			);
			dependencies = (
				06B4AFD02CA6C2B000802946 /* PBXTargetDependency */,
			);
			fileSystemSynchronizedGroups = (
				06B4AFD12CA6C2B000802946 /* GecisCalismasiYeniTests */,
			);
			name = GecisCalismasiYeniTests;
			packageProductDependencies = (
			);
			productName = GecisCalismasiYeniTests;
			productReference = 06B4AFCE2CA6C2B000802946 /* GecisCalismasiYeniTests.xctest */;
			productType = "com.apple.product-type.bundle.unit-test";
		};
		06B4AFD72CA6C2B000802946 /* GecisCalismasiYeniUITests */ = {
			isa = PBXNativeTarget;
			buildConfigurationList = 06B4AFE92CA6C2B000802946 /* Build configuration list for PBXNativeTarget "GecisCalismasiYeniUITests" */;
			buildPhases = (
				06B4AFD42CA6C2B000802946 /* Sources */,
				06B4AFD52CA6C2B000802946 /* Frameworks */,
				06B4AFD62CA6C2B000802946 /* Resources */,
			);
			buildRules = (
			);
			dependencies = (
				06B4AFDA2CA6C2B000802946 /* PBXTargetDependency */,
			);
			fileSystemSynchronizedGroups = (
				06B4AFDB2CA6C2B000802946 /* GecisCalismasiYeniUITests */,
			);
			name = GecisCalismasiYeniUITests;
			packageProductDependencies = (
			);
			productName = GecisCalismasiYeniUITests;
			productReference = 06B4AFD82CA6C2B000802946 /* GecisCalismasiYeniUITests.xctest */;
			productType = "com.apple.product-type.bundle.ui-testing";
		};
/* End PBXNativeTarget section */

/* Begin PBXProject section */
		06B4AFB02CA6C2AC00802946 /* Project object */ = {
			isa = PBXProject;
			attributes = {
				BuildIndependentTargetsInParallel = 1;
				LastSwiftUpdateCheck = 1600;
				LastUpgradeCheck = 1600;
				TargetAttributes = {
					06B4AFB72CA6C2AC00802946 = {
						CreatedOnToolsVersion = 16.0;
					};
					06B4AFCD2CA6C2B000802946 = {
						CreatedOnToolsVersion = 16.0;
						TestTargetID = 06B4AFB72CA6C2AC00802946;
					};
					06B4AFD72CA6C2B000802946 = {
						CreatedOnToolsVersion = 16.0;
						TestTargetID = 06B4AFB72CA6C2AC00802946;
					};
				};
			};
			buildConfigurationList = 06B4AFB32CA6C2AC00802946 /* Build configuration list for PBXProject "GecisCalismasiYeni" */;
			developmentRegion = en;
			hasScannedForEncodings = 0;
			knownRegions = (
				en,
				Base,
			);
			mainGroup = 06B4AFAF2CA6C2AC00802946;
			minimizedProjectReferenceProxies = 1;
			preferredProjectObjectVersion = 77;
			productRefGroup = 06B4AFB92CA6C2AC00802946 /* Products */;
			projectDirPath = "";
			projectRoot = "";
			targets = (
				06B4AFB72CA6C2AC00802946 /* GecisCalismasiYeni */,
				06B4AFCD2CA6C2B000802946 /* GecisCalismasiYeniTests */,
				06B4AFD72CA6C2B000802946 /* GecisCalismasiYeniUITests */,
			);
		};
/* End PBXProject section */

/* Begin PBXResourcesBuildPhase section */
		06B4AFB62CA6C2AC00802946 /* Resources */ = {
			isa = PBXResourcesBuildPhase;
			buildActionMask = 2147483647;
			files = (
			);
			runOnlyForDeploymentPostprocessing = 0;
		};
		06B4AFCC2CA6C2B000802946 /* Resources */ = {
			isa = PBXResourcesBuildPhase;
			buildActionMask = 2147483647;
			files = (
			);
			runOnlyForDeploymentPostprocessing = 0;
		};
		06B4AFD62CA6C2B000802946 /* Resources */ = {
			isa = PBXResourcesBuildPhase;
			buildActionMask = 2147483647;
			files = (
			);
			runOnlyForDeploymentPostprocessing = 0;
		};
/* End PBXResourcesBuildPhase section */

/* Begin PBXSourcesBuildPhase section */
		06B4AFB42CA6C2AC00802946 /* Sources */ = {
			isa = PBXSourcesBuildPhase;
			buildActionMask = 2147483647;
			files = (
			);
			runOnlyForDeploymentPostprocessing = 0;
		};
		06B4AFCA2CA6C2B000802946 /* Sources */ = {
			isa = PBXSourcesBuildPhase;
			buildActionMask = 2147483647;
			files = (
			);
			runOnlyForDeploymentPostprocessing = 0;
		};
		06B4AFD42CA6C2B000802946 /* Sources */ = {
			isa = PBXSourcesBuildPhase;
			buildActionMask = 2147483647;
			files = (
			);
			runOnlyForDeploymentPostprocessing = 0;
		};
/* End PBXSourcesBuildPhase section */

/* Begin PBXTargetDependency section */
		06B4AFD02CA6C2B000802946 /* PBXTargetDependency */ = {
			isa = PBXTargetDependency;
			target = 06B4AFB72CA6C2AC00802946 /* GecisCalismasiYeni */;
			targetProxy = 06B4AFCF2CA6C2B000802946 /* PBXContainerItemProxy */;
		};
		06B4AFDA2CA6C2B000802946 /* PBXTargetDependency */ = {
			isa = PBXTargetDependency;
			target = 06B4AFB72CA6C2AC00802946 /* GecisCalismasiYeni */;
			targetProxy = 06B4AFD92CA6C2B000802946 /* PBXContainerItemProxy */;
		};
/* End PBXTargetDependency section */

/* Begin XCBuildConfiguration section */
		06B4AFE22CA6C2B000802946 /* Debug */ = {
			isa = XCBuildConfiguration;
			buildSettings = {
				ASSETCATALOG_COMPILER_APPICON_NAME = AppIcon;
				ASSETCATALOG_COMPILER_GLOBAL_ACCENT_COLOR_NAME = AccentColor;
				CODE_SIGN_STYLE = Automatic;
				CURRENT_PROJECT_VERSION = 1;
				DEVELOPMENT_TEAM = HZ4MGAG87D;
				GENERATE_INFOPLIST_FILE = YES;
				INFOPLIST_FILE = GecisCalismasiYeni/Info.plist;
				INFOPLIST_KEY_UIApplicationSupportsIndirectInputEvents = YES;
				INFOPLIST_KEY_UILaunchStoryboardName = LaunchScreen;
				INFOPLIST_KEY_UIMainStoryboardFile = Main;
				INFOPLIST_KEY_UISupportedInterfaceOrientations_iPad = "UIInterfaceOrientationPortrait UIInterfaceOrientationPortraitUpsideDown UIInterfaceOrientationLandscapeLeft UIInterfaceOrientationLandscapeRight";
				INFOPLIST_KEY_UISupportedInterfaceOrientations_iPhone = "UIInterfaceOrientationPortrait UIInterfaceOrientationLandscapeLeft UIInterfaceOrientationLandscapeRight";
				LD_RUNPATH_SEARCH_PATHS = (
					"$(inherited)",
					"@executable_path/Frameworks",
				);
				MARKETING_VERSION = 1.0;
				PRODUCT_BUNDLE_IDENTIFIER = bekoszn.GecisCalismasiYeni;
				PRODUCT_NAME = "$(TARGET_NAME)";
				SWIFT_EMIT_LOC_STRINGS = YES;
				SWIFT_VERSION = 5.0;
				TARGETED_DEVICE_FAMILY = "1,2";
			};
			name = Debug;
		};
		06B4AFE32CA6C2B000802946 /* Release */ = {
			isa = XCBuildConfiguration;
			buildSettings = {
				ASSETCATALOG_COMPILER_APPICON_NAME = AppIcon;
				ASSETCATALOG_COMPILER_GLOBAL_ACCENT_COLOR_NAME = AccentColor;
				CODE_SIGN_STYLE = Automatic;
				CURRENT_PROJECT_VERSION = 1;
				DEVELOPMENT_TEAM = HZ4MGAG87D;
				GENERATE_INFOPLIST_FILE = YES;
				INFOPLIST_FILE = GecisCalismasiYeni/Info.plist;
				INFOPLIST_KEY_UIApplicationSupportsIndirectInputEvents = YES;
				INFOPLIST_KEY_UILaunchStoryboardName = LaunchScreen;
				INFOPLIST_KEY_UIMainStoryboardFile = Main;
				INFOPLIST_KEY_UISupportedInterfaceOrientations_iPad = "UIInterfaceOrientationPortrait UIInterfaceOrientationPortraitUpsideDown UIInterfaceOrientationLandscapeLeft UIInterfaceOrientationLandscapeRight";
				INFOPLIST_KEY_UISupportedInterfaceOrientations_iPhone = "UIInterfaceOrientationPortrait UIInterfaceOrientationLandscapeLeft UIInterfaceOrientationLandscapeRight";
				LD_RUNPATH_SEARCH_PATHS = (
					"$(inherited)",
					"@executable_path/Frameworks",
				);
				MARKETING_VERSION = 1.0;
				PRODUCT_BUNDLE_IDENTIFIER = bekoszn.GecisCalismasiYeni;
				PRODUCT_NAME = "$(TARGET_NAME)";
				SWIFT_EMIT_LOC_STRINGS = YES;
				SWIFT_VERSION = 5.0;
				TARGETED_DEVICE_FAMILY = "1,2";
			};
			name = Release;
		};
		06B4AFE42CA6C2B000802946 /* Debug */ = {
			isa = XCBuildConfiguration;
			buildSettings = {
				ALWAYS_SEARCH_USER_PATHS = NO;
				ASSETCATALOG_COMPILER_GENERATE_SWIFT_ASSET_SYMBOL_EXTENSIONS = YES;
				CLANG_ANALYZER_NONNULL = YES;
				CLANG_ANALYZER_NUMBER_OBJECT_CONVERSION = YES_AGGRESSIVE;
				CLANG_CXX_LANGUAGE_STANDARD = "gnu++20";
				CLANG_ENABLE_MODULES = YES;
				CLANG_ENABLE_OBJC_ARC = YES;
				CLANG_ENABLE_OBJC_WEAK = YES;
				CLANG_WARN_BLOCK_CAPTURE_AUTORELEASING = YES;
				CLANG_WARN_BOOL_CONVERSION = YES;
				CLANG_WARN_COMMA = YES;
				CLANG_WARN_CONSTANT_CONVERSION = YES;
				CLANG_WARN_DEPRECATED_OBJC_IMPLEMENTATIONS = YES;
				CLANG_WARN_DIRECT_OBJC_ISA_USAGE = YES_ERROR;
				CLANG_WARN_DOCUMENTATION_COMMENTS = YES;
				CLANG_WARN_EMPTY_BODY = YES;
				CLANG_WARN_ENUM_CONVERSION = YES;
				CLANG_WARN_INFINITE_RECURSION = YES;
				CLANG_WARN_INT_CONVERSION = YES;
				CLANG_WARN_NON_LITERAL_NULL_CONVERSION = YES;
				CLANG_WARN_OBJC_IMPLICIT_RETAIN_SELF = YES;
				CLANG_WARN_OBJC_LITERAL_CONVERSION = YES;
				CLANG_WARN_OBJC_ROOT_CLASS = YES_ERROR;
				CLANG_WARN_QUOTED_INCLUDE_IN_FRAMEWORK_HEADER = YES;
				CLANG_WARN_RANGE_LOOP_ANALYSIS = YES;
				CLANG_WARN_STRICT_PROTOTYPES = YES;
				CLANG_WARN_SUSPICIOUS_MOVE = YES;
				CLANG_WARN_UNGUARDED_AVAILABILITY = YES_AGGRESSIVE;
				CLANG_WARN_UNREACHABLE_CODE = YES;
				CLANG_WARN__DUPLICATE_METHOD_MATCH = YES;
				COPY_PHASE_STRIP = NO;
				DEBUG_INFORMATION_FORMAT = dwarf;
				ENABLE_STRICT_OBJC_MSGSEND = YES;
				ENABLE_TESTABILITY = YES;
				ENABLE_USER_SCRIPT_SANDBOXING = YES;
				GCC_C_LANGUAGE_STANDARD = gnu17;
				GCC_DYNAMIC_NO_PIC = NO;
				GCC_NO_COMMON_BLOCKS = YES;
				GCC_OPTIMIZATION_LEVEL = 0;
				GCC_PREPROCESSOR_DEFINITIONS = (
					"DEBUG=1",
					"$(inherited)",
				);
				GCC_WARN_64_TO_32_BIT_CONVERSION = YES;
				GCC_WARN_ABOUT_RETURN_TYPE = YES_ERROR;
				GCC_WARN_UNDECLARED_SELECTOR = YES;
				GCC_WARN_UNINITIALIZED_AUTOS = YES_AGGRESSIVE;
				GCC_WARN_UNUSED_FUNCTION = YES;
				GCC_WARN_UNUSED_VARIABLE = YES;
				IPHONEOS_DEPLOYMENT_TARGET = 18.0;
				LOCALIZATION_PREFERS_STRING_CATALOGS = YES;
				MTL_ENABLE_DEBUG_INFO = INCLUDE_SOURCE;
				MTL_FAST_MATH = YES;
				ONLY_ACTIVE_ARCH = YES;
				SDKROOT = iphoneos;
				SWIFT_ACTIVE_COMPILATION_CONDITIONS = "DEBUG $(inherited)";
				SWIFT_OPTIMIZATION_LEVEL = "-Onone";
			};
			name = Debug;
		};
		06B4AFE52CA6C2B000802946 /* Release */ = {
			isa = XCBuildConfiguration;
			buildSettings = {
				ALWAYS_SEARCH_USER_PATHS = NO;
				ASSETCATALOG_COMPILER_GENERATE_SWIFT_ASSET_SYMBOL_EXTENSIONS = YES;
				CLANG_ANALYZER_NONNULL = YES;
				CLANG_ANALYZER_NUMBER_OBJECT_CONVERSION = YES_AGGRESSIVE;
				CLANG_CXX_LANGUAGE_STANDARD = "gnu++20";
				CLANG_ENABLE_MODULES = YES;
				CLANG_ENABLE_OBJC_ARC = YES;
				CLANG_ENABLE_OBJC_WEAK = YES;
				CLANG_WARN_BLOCK_CAPTURE_AUTORELEASING = YES;
				CLANG_WARN_BOOL_CONVERSION = YES;
				CLANG_WARN_COMMA = YES;
				CLANG_WARN_CONSTANT_CONVERSION = YES;
				CLANG_WARN_DEPRECATED_OBJC_IMPLEMENTATIONS = YES;
				CLANG_WARN_DIRECT_OBJC_ISA_USAGE = YES_ERROR;
				CLANG_WARN_DOCUMENTATION_COMMENTS = YES;
				CLANG_WARN_EMPTY_BODY = YES;
				CLANG_WARN_ENUM_CONVERSION = YES;
				CLANG_WARN_INFINITE_RECURSION = YES;
				CLANG_WARN_INT_CONVERSION = YES;
				CLANG_WARN_NON_LITERAL_NULL_CONVERSION = YES;
				CLANG_WARN_OBJC_IMPLICIT_RETAIN_SELF = YES;
				CLANG_WARN_OBJC_LITERAL_CONVERSION = YES;
				CLANG_WARN_OBJC_ROOT_CLASS = YES_ERROR;
				CLANG_WARN_QUOTED_INCLUDE_IN_FRAMEWORK_HEADER = YES;
				CLANG_WARN_RANGE_LOOP_ANALYSIS = YES;
				CLANG_WARN_STRICT_PROTOTYPES = YES;
				CLANG_WARN_SUSPICIOUS_MOVE = YES;
				CLANG_WARN_UNGUARDED_AVAILABILITY = YES_AGGRESSIVE;
				CLANG_WARN_UNREACHABLE_CODE = YES;
				CLANG_WARN__DUPLICATE_METHOD_MATCH = YES;
				COPY_PHASE_STRIP = NO;
				DEBUG_INFORMATION_FORMAT = "dwarf-with-dsym";
				ENABLE_NS_ASSERTIONS = NO;
				ENABLE_STRICT_OBJC_MSGSEND = YES;
				ENABLE_USER_SCRIPT_SANDBOXING = YES;
				GCC_C_LANGUAGE_STANDARD = gnu17;
				GCC_NO_COMMON_BLOCKS = YES;
				GCC_WARN_64_TO_32_BIT_CONVERSION = YES;
				GCC_WARN_ABOUT_RETURN_TYPE = YES_ERROR;
				GCC_WARN_UNDECLARED_SELECTOR = YES;
				GCC_WARN_UNINITIALIZED_AUTOS = YES_AGGRESSIVE;
				GCC_WARN_UNUSED_FUNCTION = YES;
				GCC_WARN_UNUSED_VARIABLE = YES;
				IPHONEOS_DEPLOYMENT_TARGET = 18.0;
				LOCALIZATION_PREFERS_STRING_CATALOGS = YES;
				MTL_ENABLE_DEBUG_INFO = NO;
				MTL_FAST_MATH = YES;
				SDKROOT = iphoneos;
				SWIFT_COMPILATION_MODE = wholemodule;
				VALIDATE_PRODUCT = YES;
			};
			name = Release;
		};
		06B4AFE72CA6C2B000802946 /* Debug */ = {
			isa = XCBuildConfiguration;
			buildSettings = {
				BUNDLE_LOADER = "$(TEST_HOST)";
				CODE_SIGN_STYLE = Automatic;
				CURRENT_PROJECT_VERSION = 1;
				DEVELOPMENT_TEAM = HZ4MGAG87D;
				GENERATE_INFOPLIST_FILE = YES;
				IPHONEOS_DEPLOYMENT_TARGET = 18.0;
				MARKETING_VERSION = 1.0;
				PRODUCT_BUNDLE_IDENTIFIER = bekoszn.GecisCalismasiYeniTests;
				PRODUCT_NAME = "$(TARGET_NAME)";
				SWIFT_EMIT_LOC_STRINGS = NO;
				SWIFT_VERSION = 5.0;
				TARGETED_DEVICE_FAMILY = "1,2";
				TEST_HOST = "$(BUILT_PRODUCTS_DIR)/GecisCalismasiYeni.app/$(BUNDLE_EXECUTABLE_FOLDER_PATH)/GecisCalismasiYeni";
			};
			name = Debug;
		};
		06B4AFE82CA6C2B000802946 /* Release */ = {
			isa = XCBuildConfiguration;
			buildSettings = {
				BUNDLE_LOADER = "$(TEST_HOST)";
				CODE_SIGN_STYLE = Automatic;
				CURRENT_PROJECT_VERSION = 1;
				DEVELOPMENT_TEAM = HZ4MGAG87D;
				GENERATE_INFOPLIST_FILE = YES;
				IPHONEOS_DEPLOYMENT_TARGET = 18.0;
				MARKETING_VERSION = 1.0;
				PRODUCT_BUNDLE_IDENTIFIER = bekoszn.GecisCalismasiYeniTests;
				PRODUCT_NAME = "$(TARGET_NAME)";
				SWIFT_EMIT_LOC_STRINGS = NO;
				SWIFT_VERSION = 5.0;
				TARGETED_DEVICE_FAMILY = "1,2";
				TEST_HOST = "$(BUILT_PRODUCTS_DIR)/GecisCalismasiYeni.app/$(BUNDLE_EXECUTABLE_FOLDER_PATH)/GecisCalismasiYeni";
			};
			name = Release;
		};
		06B4AFEA2CA6C2B000802946 /* Debug */ = {
			isa = XCBuildConfiguration;
			buildSettings = {
				CODE_SIGN_STYLE = Automatic;
				CURRENT_PROJECT_VERSION = 1;
				DEVELOPMENT_TEAM = HZ4MGAG87D;
				GENERATE_INFOPLIST_FILE = YES;
				MARKETING_VERSION = 1.0;
				PRODUCT_BUNDLE_IDENTIFIER = bekoszn.GecisCalismasiYeniUITests;
				PRODUCT_NAME = "$(TARGET_NAME)";
				SWIFT_EMIT_LOC_STRINGS = NO;
				SWIFT_VERSION = 5.0;
				TARGETED_DEVICE_FAMILY = "1,2";
				TEST_TARGET_NAME = GecisCalismasiYeni;
			};
			name = Debug;
		};
		06B4AFEB2CA6C2B000802946 /* Release */ = {
			isa = XCBuildConfiguration;
			buildSettings = {
				CODE_SIGN_STYLE = Automatic;
				CURRENT_PROJECT_VERSION = 1;
				DEVELOPMENT_TEAM = HZ4MGAG87D;
				GENERATE_INFOPLIST_FILE = YES;
				MARKETING_VERSION = 1.0;
				PRODUCT_BUNDLE_IDENTIFIER = bekoszn.GecisCalismasiYeniUITests;
				PRODUCT_NAME = "$(TARGET_NAME)";
				SWIFT_EMIT_LOC_STRINGS = NO;
				SWIFT_VERSION = 5.0;
				TARGETED_DEVICE_FAMILY = "1,2";
				TEST_TARGET_NAME = GecisCalismasiYeni;
			};
			name = Release;
		};
/* End XCBuildConfiguration section */

/* Begin XCConfigurationList section */
		06B4AFB32CA6C2AC00802946 /* Build configuration list for PBXProject "GecisCalismasiYeni" */ = {
			isa = XCConfigurationList;
			buildConfigurations = (
				06B4AFE42CA6C2B000802946 /* Debug */,
				06B4AFE52CA6C2B000802946 /* Release */,
			);
			defaultConfigurationIsVisible = 0;
			defaultConfigurationName = Release;
		};
		06B4AFE12CA6C2B000802946 /* Build configuration list for PBXNativeTarget "GecisCalismasiYeni" */ = {
			isa = XCConfigurationList;
			buildConfigurations = (
				06B4AFE22CA6C2B000802946 /* Debug */,
				06B4AFE32CA6C2B000802946 /* Release */,
			);
			defaultConfigurationIsVisible = 0;
			defaultConfigurationName = Release;
		};
		06B4AFE62CA6C2B000802946 /* Build configuration list for PBXNativeTarget "GecisCalismasiYeniTests" */ = {
			isa = XCConfigurationList;
			buildConfigurations = (
				06B4AFE72CA6C2B000802946 /* Debug */,
				06B4AFE82CA6C2B000802946 /* Release */,
			);
			defaultConfigurationIsVisible = 0;
			defaultConfigurationName = Release;
		};
		06B4AFE92CA6C2B000802946 /* Build configuration list for PBXNativeTarget "GecisCalismasiYeniUITests" */ = {
			isa = XCConfigurationList;
			buildConfigurations = (
				06B4AFEA2CA6C2B000802946 /* Debug */,
				06B4AFEB2CA6C2B000802946 /* Release */,
			);
			defaultConfigurationIsVisible = 0;
			defaultConfigurationName = Release;
		};
/* End XCConfigurationList section */
	};
	rootObject = 06B4AFB02CA6C2AC00802946 /* Project object */;
}
